
Microsoft Visual Studio Solution File, Format Version 12.00
# Visual Studio Version 16
VisualStudioVersion = 16.0.29215.179
MinimumVisualStudioVersion = 10.0.40219.1
Project("{FAE04EC0-301F-11D3-BF4B-00C04F79EFBC}") = "rvang1730ex1b", "rvang1730ex1b\rvang1730ex1b.csproj", "{7308FD8B-0BA2-4B7D-8501-34D0105AFE16}"
EndProject
Project("{FAE04EC0-301F-11D3-BF4B-00C04F79EFBC}") = "rvang1730ex1c", "rvang1730ex1c\rvang1730ex1c.csproj", "{C3D83D5E-2FFD-439D-A984-2197B47B6BD1}"
EndProject
Project("{FAE04EC0-301F-11D3-BF4B-00C04F79EFBC}") = "rvang1730ex1d", "rvang1730ex1d\rvang1730ex1d.csproj", "{AB782DDA-0CD2-4F7B-9D48-1E2842D60282}"
EndProject
Project("{FAE04EC0-301F-11D3-BF4B-00C04F79EFBC}") = "rvang1730ex1E", "rvang1730ex1E\rvang1730ex1E.csproj", "{F43F9535-AD7E-42CE-B6C6-38C5F35EAC54}"
EndProject
Project("{FAE04EC0-301F-11D3-BF4B-00C04F79EFBC}") = "rvang1730ex1F", "rvang1730ex1F\rvang1730ex1F.csproj", "{F55442EE-E1FC-4ED4-B36C-4BAE78CFB6BC}"
EndProject
Project("{FAE04EC0-301F-11D3-BF4B-00C04F79EFBC}") = "rvang1730ex2A", "rvang1730ex2A\rvang1730ex2A.csproj", "{255F7AC2-4DD3-471B-973B-B1FF306C9EDB}"
EndProject
Project("{FAE04EC0-301F-11D3-BF4B-00C04F79EFBC}") = "rvang17302B", "rvang17302B\rvang17302B.csproj", "{00C98096-6290-4F12-BFD5-4B6088750B6A}"
EndProject
Project("{FAE04EC0-301F-11D3-BF4B-00C04F79EFBC}") = "rvang1730ex2D", "rvang1730ex2D\rvang1730ex2D.csproj", "{821A6B74-4019-4D74-8650-C633AC052EC0}"
EndProject
Global
	GlobalSection(SolutionConfigurationPlatforms) = preSolution
		Debug|Any CPU = Debug|Any CPU
		Release|Any CPU = Release|Any CPU
	EndGlobalSection
	GlobalSection(ProjectConfigurationPlatforms) = postSolution
		{7308FD8B-0BA2-4B7D-8501-34D0105AFE16}.Debug|Any CPU.ActiveCfg = Debug|Any CPU
		{7308FD8B-0BA2-4B7D-8501-34D0105AFE16}.Debug|Any CPU.Build.0 = Debug|Any CPU
		{7308FD8B-0BA2-4B7D-8501-34D0105AFE16}.Release|Any CPU.ActiveCfg = Release|Any CPU
		{7308FD8B-0BA2-4B7D-8501-34D0105AFE16}.Release|Any CPU.Build.0 = Release|Any CPU
		{C3D83D5E-2FFD-439D-A984-2197B47B6BD1}.Debug|Any CPU.ActiveCfg = Debug|Any CPU
		{C3D83D5E-2FFD-439D-A984-2197B47B6BD1}.Debug|Any CPU.Build.0 = Debug|Any CPU
		{C3D83D5E-2FFD-439D-A984-2197B47B6BD1}.Release|Any CPU.ActiveCfg = Release|Any CPU
		{C3D83D5E-2FFD-439D-A984-2197B47B6BD1}.Release|Any CPU.Build.0 = Release|Any CPU
		{AB782DDA-0CD2-4F7B-9D48-1E2842D60282}.Debug|Any CPU.ActiveCfg = Debug|Any CPU
		{AB782DDA-0CD2-4F7B-9D48-1E2842D60282}.Debug|Any CPU.Build.0 = Debug|Any CPU
		{AB782DDA-0CD2-4F7B-9D48-1E2842D60282}.Release|Any CPU.ActiveCfg = Release|Any CPU
		{AB782DDA-0CD2-4F7B-9D48-1E2842D60282}.Release|Any CPU.Build.0 = Release|Any CPU
		{F43F9535-AD7E-42CE-B6C6-38C5F35EAC54}.Debug|Any CPU.ActiveCfg = Debug|Any CPU
		{F43F9535-AD7E-42CE-B6C6-38C5F35EAC54}.Debug|Any CPU.Build.0 = Debug|Any CPU
		{F43F9535-AD7E-42CE-B6C6-38C5F35EAC54}.Release|Any CPU.ActiveCfg = Release|Any CPU
		{F43F9535-AD7E-42CE-B6C6-38C5F35EAC54}.Release|Any CPU.Build.0 = Release|Any CPU
		{F55442EE-E1FC-4ED4-B36C-4BAE78CFB6BC}.Debug|Any CPU.ActiveCfg = Debug|Any CPU
		{F55442EE-E1FC-4ED4-B36C-4BAE78CFB6BC}.Debug|Any CPU.Build.0 = Debug|Any CPU
		{F55442EE-E1FC-4ED4-B36C-4BAE78CFB6BC}.Release|Any CPU.ActiveCfg = Release|Any CPU
		{F55442EE-E1FC-4ED4-B36C-4BAE78CFB6BC}.Release|Any CPU.Build.0 = Release|Any CPU
		{255F7AC2-4DD3-471B-973B-B1FF306C9EDB}.Debug|Any CPU.ActiveCfg = Debug|Any CPU
		{255F7AC2-4DD3-471B-973B-B1FF306C9EDB}.Debug|Any CPU.Build.0 = Debug|Any CPU
		{255F7AC2-4DD3-471B-973B-B1FF306C9EDB}.Release|Any CPU.ActiveCfg = Release|Any CPU
		{255F7AC2-4DD3-471B-973B-B1FF306C9EDB}.Release|Any CPU.Build.0 = Release|Any CPU
		{00C98096-6290-4F12-BFD5-4B6088750B6A}.Debug|Any CPU.ActiveCfg = Debug|Any CPU
		{00C98096-6290-4F12-BFD5-4B6088750B6A}.Debug|Any CPU.Build.0 = Debug|Any CPU
		{00C98096-6290-4F12-BFD5-4B6088750B6A}.Release|Any CPU.ActiveCfg = Release|Any CPU
		{00C98096-6290-4F12-BFD5-4B6088750B6A}.Release|Any CPU.Build.0 = Release|Any CPU
		{821A6B74-4019-4D74-8650-C633AC052EC0}.Debug|Any CPU.ActiveCfg = Debug|Any CPU
		{821A6B74-4019-4D74-8650-C633AC052EC0}.Debug|Any CPU.Build.0 = Debug|Any CPU
		{821A6B74-4019-4D74-8650-C633AC052EC0}.Release|Any CPU.ActiveCfg = Release|Any CPU
		{821A6B74-4019-4D74-8650-C633AC052EC0}.Release|Any CPU.Build.0 = Release|Any CPU
	EndGlobalSection
	GlobalSection(SolutionProperties) = preSolution
		HideSolutionNode = FALSE
	EndGlobalSection
	GlobalSection(ExtensibilityGlobals) = postSolution
		SolutionGuid = {1B4B9D59-251C-479F-A8D2-AEB51CBC59C9}
	EndGlobalSection
EndGlobal
